
Microsoft Visual Studio Solution File, Format Version 12.00
# Visual Studio Version 18
VisualStudioVersion = 18.9.12112.369 stable
MinimumVisualStudioVersion = 10.0.40219.1
Project("{FAE04EC0-301F-11D3-BF4B-00C04F79EFBC}") = "LQThangLesson9", "LQThangLesson9.csproj", "{B7A2C7D5-9A1A-4F12-8B7C-9A5F9A9A0009}"
EndProject
Global
	GlobalSection(SolutionConfigurationPlatforms) = preSolution
		Debug|Any CPU = Debug|Any CPU
		Release|Any CPU = Release|Any CPU
	EndGlobalSection
	GlobalSection(ProjectConfigurationPlatforms) = postSolution
		{B7A2C7D5-9A1A-4F12-8B7C-9A5F9A9A0009}.Debug|Any CPU.ActiveCfg = Debug|Any CPU
		{B7A2C7D5-9A1A-4F12-8B7C-9A5F9A9A0009}.Debug|Any CPU.Build.0 = Debug|Any CPU
		{B7A2C7D5-9A1A-4F12-8B7C-9A5F9A9A0009}.Release|Any CPU.ActiveCfg = Release|Any CPU
		{B7A2C7D5-9A1A-4F12-8B7C-9A5F9A9A0009}.Release|Any CPU.Build.0 = Release|Any CPU
	EndGlobalSection
	GlobalSection(SolutionProperties) = preSolution
		HideSolutionNode = FALSE
	EndGlobalSection
EndGlobal
